// !$*UTF8*$!
{
	archiveVersion = 1;
	classes = {
	};
	objectVersion = 46;
	objects = {

/* Begin PBXBuildFile section */
		1412ED0A1C944ACB00D8B3E9 /* SensitLocalManager.swift in Sources */ = {isa = PBXBuildFile; fileRef = 1412ED091C944ACB00D8B3E9 /* SensitLocalManager.swift */; };
		1417D32C1C8348CA00BF5F6A /* AppDelegate.swift in Sources */ = {isa = PBXBuildFile; fileRef = 1417D32B1C8348CA00BF5F6A /* AppDelegate.swift */; };
		1417D3311C8348CA00BF5F6A /* Main.storyboard in Resources */ = {isa = PBXBuildFile; fileRef = 1417D32F1C8348CA00BF5F6A /* Main.storyboard */; };
		1417D3331C8348CA00BF5F6A /* Assets.xcassets in Resources */ = {isa = PBXBuildFile; fileRef = 1417D3321C8348CA00BF5F6A /* Assets.xcassets */; };
		1417D3361C8348CA00BF5F6A /* LaunchScreen.storyboard in Resources */ = {isa = PBXBuildFile; fileRef = 1417D3341C8348CA00BF5F6A /* LaunchScreen.storyboard */; };
		1417D33F1C834CD100BF5F6A /* SensitWebManager.swift in Sources */ = {isa = PBXBuildFile; fileRef = 1417D33E1C834CD100BF5F6A /* SensitWebManager.swift */; };
		143AC41F1C95E01A00BDD5C1 /* DeviceCell.swift in Sources */ = {isa = PBXBuildFile; fileRef = 143AC41E1C95E01A00BDD5C1 /* DeviceCell.swift */; };
		143AC4211C95ED8100BDD5C1 /* SensorListController.swift in Sources */ = {isa = PBXBuildFile; fileRef = 143AC4201C95ED8100BDD5C1 /* SensorListController.swift */; };
		143AC4231C95F3BA00BDD5C1 /* SensorDetailController.swift in Sources */ = {isa = PBXBuildFile; fileRef = 143AC4221C95F3BA00BDD5C1 /* SensorDetailController.swift */; };
		143AC4291C960AB500BDD5C1 /* data.json in Resources */ = {isa = PBXBuildFile; fileRef = 143AC4251C960AB500BDD5C1 /* data.json */; };
		143AC42A1C960AB500BDD5C1 /* JBLineChartFooterView.m in Sources */ = {isa = PBXBuildFile; fileRef = 143AC4281C960AB500BDD5C1 /* JBLineChartFooterView.m */; };
		14564C7C1C84E7B00045E03C /* LoginViewController.swift in Sources */ = {isa = PBXBuildFile; fileRef = 14564C7B1C84E7B00045E03C /* LoginViewController.swift */; };
		146C7C641C8F961A00F1DECA /* DeviceListController.swift in Sources */ = {isa = PBXBuildFile; fileRef = 146C7C631C8F961A00F1DECA /* DeviceListController.swift */; };
		60684E3B503E80E9E98DA3BB /* Pods_Sensit.framework in Frameworks */ = {isa = PBXBuildFile; fileRef = C4EC6A5EDF3FECF26E9859AE /* Pods_Sensit.framework */; settings = {ATTRIBUTES = (Weak, ); }; };
/* End PBXBuildFile section */

/* Begin PBXFileReference section */
		1412ED091C944ACB00D8B3E9 /* SensitLocalManager.swift */ = {isa = PBXFileReference; fileEncoding = 4; lastKnownFileType = sourcecode.swift; name = SensitLocalManager.swift; path = Manager/SensitLocalManager.swift; sourceTree = "<group>"; };
		1417D3281C8348CA00BF5F6A /* Sensit.app */ = {isa = PBXFileReference; explicitFileType = wrapper.application; includeInIndex = 0; path = Sensit.app; sourceTree = BUILT_PRODUCTS_DIR; };
		1417D32B1C8348CA00BF5F6A /* AppDelegate.swift */ = {isa = PBXFileReference; lastKnownFileType = sourcecode.swift; path = AppDelegate.swift; sourceTree = "<group>"; };
		1417D3301C8348CA00BF5F6A /* Base */ = {isa = PBXFileReference; lastKnownFileType = file.storyboard; name = Base; path = Base.lproj/Main.storyboard; sourceTree = "<group>"; };
		1417D3321C8348CA00BF5F6A /* Assets.xcassets */ = {isa = PBXFileReference; lastKnownFileType = folder.assetcatalog; path = Assets.xcassets; sourceTree = "<group>"; };
		1417D3351C8348CA00BF5F6A /* Base */ = {isa = PBXFileReference; lastKnownFileType = file.storyboard; name = Base; path = Base.lproj/LaunchScreen.storyboard; sourceTree = "<group>"; };
		1417D3371C8348CA00BF5F6A /* Info.plist */ = {isa = PBXFileReference; lastKnownFileType = text.plist.xml; path = Info.plist; sourceTree = "<group>"; };
		1417D33E1C834CD100BF5F6A /* SensitWebManager.swift */ = {isa = PBXFileReference; fileEncoding = 4; lastKnownFileType = sourcecode.swift; name = SensitWebManager.swift; path = Manager/SensitWebManager.swift; sourceTree = "<group>"; };
		143AC41E1C95E01A00BDD5C1 /* DeviceCell.swift */ = {isa = PBXFileReference; fileEncoding = 4; lastKnownFileType = sourcecode.swift; name = DeviceCell.swift; path = Design/DeviceCell.swift; sourceTree = "<group>"; };
		143AC4201C95ED8100BDD5C1 /* SensorListController.swift */ = {isa = PBXFileReference; fileEncoding = 4; lastKnownFileType = sourcecode.swift; path = SensorListController.swift; sourceTree = "<group>"; };
		143AC4221C95F3BA00BDD5C1 /* SensorDetailController.swift */ = {isa = PBXFileReference; fileEncoding = 4; lastKnownFileType = sourcecode.swift; path = SensorDetailController.swift; sourceTree = "<group>"; };
		143AC4251C960AB500BDD5C1 /* data.json */ = {isa = PBXFileReference; fileEncoding = 4; lastKnownFileType = text.json; path = data.json; sourceTree = "<group>"; };
		143AC4271C960AB500BDD5C1 /* JBLineChartFooterView.h */ = {isa = PBXFileReference; fileEncoding = 4; lastKnownFileType = sourcecode.c.h; path = JBLineChartFooterView.h; sourceTree = "<group>"; };
		143AC4281C960AB500BDD5C1 /* JBLineChartFooterView.m */ = {isa = PBXFileReference; fileEncoding = 4; lastKnownFileType = sourcecode.c.objc; path = JBLineChartFooterView.m; sourceTree = "<group>"; };
		143AC42B1C960AE900BDD5C1 /* Bridging-Header.h */ = {isa = PBXFileReference; lastKnownFileType = sourcecode.c.h; path = "Bridging-Header.h"; sourceTree = "<group>"; };
		14564C7B1C84E7B00045E03C /* LoginViewController.swift */ = {isa = PBXFileReference; fileEncoding = 4; lastKnownFileType = sourcecode.swift; path = LoginViewController.swift; sourceTree = "<group>"; };
		146C7C631C8F961A00F1DECA /* DeviceListController.swift */ = {isa = PBXFileReference; fileEncoding = 4; lastKnownFileType = sourcecode.swift; path = DeviceListController.swift; sourceTree = "<group>"; };
		9D9172520E0CFA62910413D8 /* Pods-Sensit.release.xcconfig */ = {isa = PBXFileReference; includeInIndex = 1; lastKnownFileType = text.xcconfig; name = "Pods-Sensit.release.xcconfig"; path = "Pods/Target Support Files/Pods-Sensit/Pods-Sensit.release.xcconfig"; sourceTree = "<group>"; };
		C349A4A3EB11AD78F2A27659 /* Pods-Sensit.debug.xcconfig */ = {isa = PBXFileReference; includeInIndex = 1; lastKnownFileType = text.xcconfig; name = "Pods-Sensit.debug.xcconfig"; path = "Pods/Target Support Files/Pods-Sensit/Pods-Sensit.debug.xcconfig"; sourceTree = "<group>"; };
		C4EC6A5EDF3FECF26E9859AE /* Pods_Sensit.framework */ = {isa = PBXFileReference; explicitFileType = wrapper.framework; includeInIndex = 0; path = Pods_Sensit.framework; sourceTree = BUILT_PRODUCTS_DIR; };
/* End PBXFileReference section */

/* Begin PBXFrameworksBuildPhase section */
		1417D3251C8348CA00BF5F6A /* Frameworks */ = {
			isa = PBXFrameworksBuildPhase;
			buildActionMask = 2147483647;
			files = (
				60684E3B503E80E9E98DA3BB /* Pods_Sensit.framework in Frameworks */,
			);
			runOnlyForDeploymentPostprocessing = 0;
		};
/* End PBXFrameworksBuildPhase section */

/* Begin PBXGroup section */
		13EE79C9F17C0A9B1DDC090B /* Frameworks */ = {
			isa = PBXGroup;
			children = (
				C4EC6A5EDF3FECF26E9859AE /* Pods_Sensit.framework */,
			);
			name = Frameworks;
			sourceTree = "<group>";
		};
		1417D31F1C8348CA00BF5F6A = {
			isa = PBXGroup;
			children = (
				1417D32A1C8348CA00BF5F6A /* Sensit */,
				1417D3291C8348CA00BF5F6A /* Products */,
				CC747D98C920A8387665DC3E /* Pods */,
				13EE79C9F17C0A9B1DDC090B /* Frameworks */,
			);
			sourceTree = "<group>";
		};
		1417D3291C8348CA00BF5F6A /* Products */ = {
			isa = PBXGroup;
			children = (
				1417D3281C8348CA00BF5F6A /* Sensit.app */,
			);
			name = Products;
			sourceTree = "<group>";
		};
		1417D32A1C8348CA00BF5F6A /* Sensit */ = {
			isa = PBXGroup;
			children = (
				143AC41D1C95DFFD00BDD5C1 /* Design */,
				14564C7A1C84E7980045E03C /* Controllers */,
				1417D33D1C834CA400BF5F6A /* Manager */,
				1417D32B1C8348CA00BF5F6A /* AppDelegate.swift */,
				1417D32F1C8348CA00BF5F6A /* Main.storyboard */,
				1417D3321C8348CA00BF5F6A /* Assets.xcassets */,
				1417D3341C8348CA00BF5F6A /* LaunchScreen.storyboard */,
				1417D3371C8348CA00BF5F6A /* Info.plist */,
				143AC4241C960AB500BDD5C1 /* Resources */,
				143AC42B1C960AE900BDD5C1 /* Bridging-Header.h */,
			);
			path = Sensit;
			sourceTree = "<group>";
		};
		1417D33D1C834CA400BF5F6A /* Manager */ = {
			isa = PBXGroup;
			children = (
				1417D33E1C834CD100BF5F6A /* SensitWebManager.swift */,
				1412ED091C944ACB00D8B3E9 /* SensitLocalManager.swift */,
			);
			name = Manager;
			sourceTree = "<group>";
		};
		143AC41D1C95DFFD00BDD5C1 /* Design */ = {
			isa = PBXGroup;
			children = (
				143AC41E1C95E01A00BDD5C1 /* DeviceCell.swift */,
			);
			name = Design;
			sourceTree = "<group>";
		};
		143AC4241C960AB500BDD5C1 /* Resources */ = {
			isa = PBXGroup;
			children = (
				143AC4251C960AB500BDD5C1 /* data.json */,
				143AC4261C960AB500BDD5C1 /* Jawbone */,
			);
			path = Resources;
			sourceTree = "<group>";
		};
		143AC4261C960AB500BDD5C1 /* Jawbone */ = {
			isa = PBXGroup;
			children = (
				143AC4271C960AB500BDD5C1 /* JBLineChartFooterView.h */,
				143AC4281C960AB500BDD5C1 /* JBLineChartFooterView.m */,
			);
			path = Jawbone;
			sourceTree = "<group>";
		};
		14564C7A1C84E7980045E03C /* Controllers */ = {
			isa = PBXGroup;
			children = (
				14564C7B1C84E7B00045E03C /* LoginViewController.swift */,
				146C7C631C8F961A00F1DECA /* DeviceListController.swift */,
				143AC4201C95ED8100BDD5C1 /* SensorListController.swift */,
				143AC4221C95F3BA00BDD5C1 /* SensorDetailController.swift */,
			);
			path = Controllers;
			sourceTree = "<group>";
		};
		CC747D98C920A8387665DC3E /* Pods */ = {
			isa = PBXGroup;
			children = (
				C349A4A3EB11AD78F2A27659 /* Pods-Sensit.debug.xcconfig */,
				9D9172520E0CFA62910413D8 /* Pods-Sensit.release.xcconfig */,
			);
			name = Pods;
			sourceTree = "<group>";
		};
/* End PBXGroup section */

/* Begin PBXNativeTarget section */
		1417D3271C8348CA00BF5F6A /* Sensit */ = {
			isa = PBXNativeTarget;
			buildConfigurationList = 1417D33A1C8348CA00BF5F6A /* Build configuration list for PBXNativeTarget "Sensit" */;
			buildPhases = (
				7416EDFA8FC08634733C5940 /* Check Pods Manifest.lock */,
				1417D3241C8348CA00BF5F6A /* Sources */,
				1417D3251C8348CA00BF5F6A /* Frameworks */,
				1417D3261C8348CA00BF5F6A /* Resources */,
				022B2BA14BA48346941AE898 /* Copy Pods Resources */,
				62A30BE4C7B1CC38CAF07A2A /* Embed Pods Frameworks */,
			);
			buildRules = (
			);
			dependencies = (
			);
			name = Sensit;
			productName = Sensit;
			productReference = 1417D3281C8348CA00BF5F6A /* Sensit.app */;
			productType = "com.apple.product-type.application";
		};
/* End PBXNativeTarget section */

/* Begin PBXProject section */
		1417D3201C8348CA00BF5F6A /* Project object */ = {
			isa = PBXProject;
			attributes = {
				LastSwiftUpdateCheck = 0720;
				LastUpgradeCheck = 0720;
				ORGANIZATIONNAME = "Benoit Pasquier";
				TargetAttributes = {
					1417D3271C8348CA00BF5F6A = {
						CreatedOnToolsVersion = 7.2;
					};
				};
			};
			buildConfigurationList = 1417D3231C8348CA00BF5F6A /* Build configuration list for PBXProject "Sensit" */;
			compatibilityVersion = "Xcode 3.2";
			developmentRegion = English;
			hasScannedForEncodings = 0;
			knownRegions = (
				en,
				Base,
			);
			mainGroup = 1417D31F1C8348CA00BF5F6A;
			productRefGroup = 1417D3291C8348CA00BF5F6A /* Products */;
			projectDirPath = "";
			projectRoot = "";
			targets = (
				1417D3271C8348CA00BF5F6A /* Sensit */,
			);
		};
/* End PBXProject section */

/* Begin PBXResourcesBuildPhase section */
		1417D3261C8348CA00BF5F6A /* Resources */ = {
			isa = PBXResourcesBuildPhase;
			buildActionMask = 2147483647;
			files = (
				1417D3361C8348CA00BF5F6A /* LaunchScreen.storyboard in Resources */,
				1417D3331C8348CA00BF5F6A /* Assets.xcassets in Resources */,
				1417D3311C8348CA00BF5F6A /* Main.storyboard in Resources */,
				143AC4291C960AB500BDD5C1 /* data.json in Resources */,
			);
			runOnlyForDeploymentPostprocessing = 0;
		};
/* End PBXResourcesBuildPhase section */

/* Begin PBXShellScriptBuildPhase section */
		022B2BA14BA48346941AE898 /* Copy Pods Resources */ = {
			isa = PBXShellScriptBuildPhase;
			buildActionMask = 2147483647;
			files = (
			);
			inputPaths = (
			);
			name = "Copy Pods Resources";
			outputPaths = (
			);
			runOnlyForDeploymentPostprocessing = 0;
			shellPath = /bin/sh;
			shellScript = "\"${SRCROOT}/Pods/Target Support Files/Pods-Sensit/Pods-Sensit-resources.sh\"\n";
			showEnvVarsInLog = 0;
		};
		62A30BE4C7B1CC38CAF07A2A /* Embed Pods Frameworks */ = {
			isa = PBXShellScriptBuildPhase;
			buildActionMask = 2147483647;
			files = (
			);
			inputPaths = (
			);
			name = "Embed Pods Frameworks";
			outputPaths = (
			);
			runOnlyForDeploymentPostprocessing = 0;
			shellPath = /bin/sh;
			shellScript = "\"${SRCROOT}/Pods/Target Support Files/Pods-Sensit/Pods-Sensit-frameworks.sh\"\n";
			showEnvVarsInLog = 0;
		};
		7416EDFA8FC08634733C5940 /* Check Pods Manifest.lock */ = {
			isa = PBXShellScriptBuildPhase;
			buildActionMask = 2147483647;
			files = (
			);
			inputPaths = (
			);
			name = "Check Pods Manifest.lock";
			outputPaths = (
			);
			runOnlyForDeploymentPostprocessing = 0;
			shellPath = /bin/sh;
			shellScript = "diff \"${PODS_ROOT}/../Podfile.lock\" \"${PODS_ROOT}/Manifest.lock\" > /dev/null\nif [[ $? != 0 ]] ; then\n    cat << EOM\nerror: The sandbox is not in sync with the Podfile.lock. Run 'pod install' or update your CocoaPods installation.\nEOM\n    exit 1\nfi\n";
			showEnvVarsInLog = 0;
		};
/* End PBXShellScriptBuildPhase section */

/* Begin PBXSourcesBuildPhase section */
		1417D3241C8348CA00BF5F6A /* Sources */ = {
			isa = PBXSourcesBuildPhase;
			buildActionMask = 2147483647;
			files = (
				143AC4231C95F3BA00BDD5C1 /* SensorDetailController.swift in Sources */,
				14564C7C1C84E7B00045E03C /* LoginViewController.swift in Sources */,
				1412ED0A1C944ACB00D8B3E9 /* SensitLocalManager.swift in Sources */,
				146C7C641C8F961A00F1DECA /* DeviceListController.swift in Sources */,
				1417D32C1C8348CA00BF5F6A /* AppDelegate.swift in Sources */,
				143AC42A1C960AB500BDD5C1 /* JBLineChartFooterView.m in Sources */,
				1417D33F1C834CD100BF5F6A /* SensitWebManager.swift in Sources */,
				143AC41F1C95E01A00BDD5C1 /* DeviceCell.swift in Sources */,
				143AC4211C95ED8100BDD5C1 /* SensorListController.swift in Sources */,
			);
			runOnlyForDeploymentPostprocessing = 0;
		};
/* End PBXSourcesBuildPhase section */

/* Begin PBXVariantGroup section */
		1417D32F1C8348CA00BF5F6A /* Main.storyboard */ = {
			isa = PBXVariantGroup;
			children = (
				1417D3301C8348CA00BF5F6A /* Base */,
			);
			name = Main.storyboard;
			sourceTree = "<group>";
		};
		1417D3341C8348CA00BF5F6A /* LaunchScreen.storyboard */ = {
			isa = PBXVariantGroup;
			children = (
				1417D3351C8348CA00BF5F6A /* Base */,
			);
			name = LaunchScreen.storyboard;
			sourceTree = "<group>";
		};
/* End PBXVariantGroup section */

/* Begin XCBuildConfiguration section */
		1417D3381C8348CA00BF5F6A /* Debug */ = {
			isa = XCBuildConfiguration;
			buildSettings = {
				ALWAYS_SEARCH_USER_PATHS = NO;
				CLANG_CXX_LANGUAGE_STANDARD = "gnu++0x";
				CLANG_CXX_LIBRARY = "libc++";
				CLANG_ENABLE_MODULES = YES;
				CLANG_ENABLE_OBJC_ARC = YES;
				CLANG_WARN_BOOL_CONVERSION = YES;
				CLANG_WARN_CONSTANT_CONVERSION = YES;
				CLANG_WARN_DIRECT_OBJC_ISA_USAGE = YES_ERROR;
				CLANG_WARN_EMPTY_BODY = YES;
				CLANG_WARN_ENUM_CONVERSION = YES;
				CLANG_WARN_INT_CONVERSION = YES;
				CLANG_WARN_OBJC_ROOT_CLASS = YES_ERROR;
				CLANG_WARN_UNREACHABLE_CODE = YES;
				CLANG_WARN__DUPLICATE_METHOD_MATCH = YES;
				"CODE_SIGN_IDENTITY[sdk=iphoneos*]" = "iPhone Developer";
				COPY_PHASE_STRIP = NO;
				DEBUG_INFORMATION_FORMAT = dwarf;
				ENABLE_STRICT_OBJC_MSGSEND = YES;
				ENABLE_TESTABILITY = YES;
				GCC_C_LANGUAGE_STANDARD = gnu99;
				GCC_DYNAMIC_NO_PIC = NO;
				GCC_NO_COMMON_BLOCKS = YES;
				GCC_OPTIMIZATION_LEVEL = 0;
				GCC_PREPROCESSOR_DEFINITIONS = (
					"DEBUG=1",
					"$(inherited)",
				);
				GCC_WARN_64_TO_32_BIT_CONVERSION = YES;
				GCC_WARN_ABOUT_RETURN_TYPE = YES_ERROR;
				GCC_WARN_UNDECLARED_SELECTOR = YES;
				GCC_WARN_UNINITIALIZED_AUTOS = YES_AGGRESSIVE;
				GCC_WARN_UNUSED_FUNCTION = YES;
				GCC_WARN_UNUSED_VARIABLE = YES;
				IPHONEOS_DEPLOYMENT_TARGET = 9.2;
				MTL_ENABLE_DEBUG_INFO = YES;
				ONLY_ACTIVE_ARCH = YES;
				SDKROOT = iphoneos;
				SWIFT_OPTIMIZATION_LEVEL = "-Onone";
			};
			name = Debug;
		};
		1417D3391C8348CA00BF5F6A /* Release */ = {
			isa = XCBuildConfiguration;
			buildSettings = {
				ALWAYS_SEARCH_USER_PATHS = NO;
				CLANG_CXX_LANGUAGE_STANDARD = "gnu++0x";
				CLANG_CXX_LIBRARY = "libc++";
				CLANG_ENABLE_MODULES = YES;
				CLANG_ENABLE_OBJC_ARC = YES;
				CLANG_WARN_BOOL_CONVERSION = YES;
				CLANG_WARN_CONSTANT_CONVERSION = YES;
				CLANG_WARN_DIRECT_OBJC_ISA_USAGE = YES_ERROR;
				CLANG_WARN_EMPTY_BODY = YES;
				CLANG_WARN_ENUM_CONVERSION = YES;
				CLANG_WARN_INT_CONVERSION = YES;
				CLANG_WARN_OBJC_ROOT_CLASS = YES_ERROR;
				CLANG_WARN_UNREACHABLE_CODE = YES;
				CLANG_WARN__DUPLICATE_METHOD_MATCH = YES;
				"CODE_SIGN_IDENTITY[sdk=iphoneos*]" = "iPhone Developer";
				COPY_PHASE_STRIP = NO;
				DEBUG_INFORMATION_FORMAT = "dwarf-with-dsym";
				ENABLE_NS_ASSERTIONS = NO;
				ENABLE_STRICT_OBJC_MSGSEND = YES;
				GCC_C_LANGUAGE_STANDARD = gnu99;
				GCC_NO_COMMON_BLOCKS = YES;
				GCC_WARN_64_TO_32_BIT_CONVERSION = YES;
				GCC_WARN_ABOUT_RETURN_TYPE = YES_ERROR;
				GCC_WARN_UNDECLARED_SELECTOR = YES;
				GCC_WARN_UNINITIALIZED_AUTOS = YES_AGGRESSIVE;
				GCC_WARN_UNUSED_FUNCTION = YES;
				GCC_WARN_UNUSED_VARIABLE = YES;
				IPHONEOS_DEPLOYMENT_TARGET = 9.2;
				MTL_ENABLE_DEBUG_INFO = NO;
				SDKROOT = iphoneos;
				VALIDATE_PRODUCT = YES;
			};
			name = Release;
		};
		1417D33B1C8348CA00BF5F6A /* Debug */ = {
			isa = XCBuildConfiguration;
			baseConfigurationReference = C349A4A3EB11AD78F2A27659 /* Pods-Sensit.debug.xcconfig */;
			buildSettings = {
				ASSETCATALOG_COMPILER_APPICON_NAME = AppIcon;
				INFOPLIST_FILE = Sensit/Info.plist;
				IPHONEOS_DEPLOYMENT_TARGET = 9.0;
				LD_RUNPATH_SEARCH_PATHS = "$(inherited) @executable_path/Frameworks";
				PRODUCT_BUNDLE_IDENTIFIER = fr.benoitpasquier.Sensit;
				PRODUCT_NAME = "$(TARGET_NAME)";
				SWIFT_OBJC_BRIDGING_HEADER = "Sensit/Bridging-Header.h";
				TARGETED_DEVICE_FAMILY = 1;
			};
			name = Debug;
		};
		1417D33C1C8348CA00BF5F6A /* Release */ = {
			isa = XCBuildConfiguration;
			baseConfigurationReference = 9D9172520E0CFA62910413D8 /* Pods-Sensit.release.xcconfig */;
			buildSettings = {
				ASSETCATALOG_COMPILER_APPICON_NAME = AppIcon;
				INFOPLIST_FILE = Sensit/Info.plist;
				IPHONEOS_DEPLOYMENT_TARGET = 9.0;
				LD_RUNPATH_SEARCH_PATHS = "$(inherited) @executable_path/Frameworks";
				PRODUCT_BUNDLE_IDENTIFIER = fr.benoitpasquier.Sensit;
				PRODUCT_NAME = "$(TARGET_NAME)";
				SWIFT_OBJC_BRIDGING_HEADER = "Sensit/Bridging-Header.h";
				TARGETED_DEVICE_FAMILY = 1;
			};
			name = Release;
		};
/* End XCBuildConfiguration section */

/* Begin XCConfigurationList section */
		1417D3231C8348CA00BF5F6A /* Build configuration list for PBXProject "Sensit" */ = {
			isa = XCConfigurationList;
			buildConfigurations = (
				1417D3381C8348CA00BF5F6A /* Debug */,
				1417D3391C8348CA00BF5F6A /* Release */,
			);
			defaultConfigurationIsVisible = 0;
			defaultConfigurationName = Release;
		};
		1417D33A1C8348CA00BF5F6A /* Build configuration list for PBXNativeTarget "Sensit" */ = {
			isa = XCConfigurationList;
			buildConfigurations = (
				1417D33B1C8348CA00BF5F6A /* Debug */,
				1417D33C1C8348CA00BF5F6A /* Release */,
			);
			defaultConfigurationIsVisible = 0;
			defaultConfigurationName = Release;
		};
/* End XCConfigurationList section */
	};
	rootObject = 1417D3201C8348CA00BF5F6A /* Project object */;
}
